
Microsoft Visual Studio Solution File, Format Version 12.00
# Visual Studio Version 17
VisualStudioVersion = 17.3.32611.2
MinimumVisualStudioVersion = 10.0.40219.1
Project("{FAE04EC0-301F-11D3-BF4B-00C04F79EFBC}") = "ToDoList", "ToDoList\ToDoList.csproj", "{7EE2129A-5745-4417-8AC1-0D2F818AA890}"
EndProject
Global
	GlobalSection(SolutionConfigurationPlatforms) = preSolution
		Debug|Any CPU = Debug|Any CPU
		Release|Any CPU = Release|Any CPU
	EndGlobalSection
	GlobalSection(ProjectConfigurationPlatforms) = postSolution
		{7EE2129A-5745-4417-8AC1-0D2F818AA890}.Debug|Any CPU.ActiveCfg = Debug|Any CPU
		{7EE2129A-5745-4417-8AC1-0D2F818AA890}.Debug|Any CPU.Build.0 = Debug|Any CPU
		{7EE2129A-5745-4417-8AC1-0D2F818AA890}.Release|Any CPU.ActiveCfg = Release|Any CPU
		{7EE2129A-5745-4417-8AC1-0D2F818AA890}.Release|Any CPU.Build.0 = Release|Any CPU
	EndGlobalSection
	GlobalSection(SolutionProperties) = preSolution
		HideSolutionNode = FALSE
	EndGlobalSection
	GlobalSection(ExtensibilityGlobals) = postSolution
		SolutionGuid = {D9177E3C-5BC9-4280-9853-E8365CE8F8E4}
	EndGlobalSection
EndGlobal
